
Microsoft Visual Studio Solution File, Format Version 12.00
# Visual Studio 15
VisualStudioVersion = 15.0.28307.572
MinimumVisualStudioVersion = 10.0.40219.1
Project("{FAE04EC0-301F-11D3-BF4B-00C04F79EFBC}") = "AmazonDeals", "AmazonDeals\AmazonDeals.csproj", "{7821FC78-F8D4-4BDC-96C7-D78393A517D0}"
EndProject
Global
	GlobalSection(SolutionConfigurationPlatforms) = preSolution
		Debug|Any CPU = Debug|Any CPU
		Release|Any CPU = Release|Any CPU
	EndGlobalSection
	GlobalSection(ProjectConfigurationPlatforms) = postSolution
		{7821FC78-F8D4-4BDC-96C7-D78393A517D0}.Debug|Any CPU.ActiveCfg = Debug|Any CPU
		{7821FC78-F8D4-4BDC-96C7-D78393A517D0}.Debug|Any CPU.Build.0 = Debug|Any CPU
		{7821FC78-F8D4-4BDC-96C7-D78393A517D0}.Release|Any CPU.ActiveCfg = Release|Any CPU
		{7821FC78-F8D4-4BDC-96C7-D78393A517D0}.Release|Any CPU.Build.0 = Release|Any CPU
	EndGlobalSection
	GlobalSection(SolutionProperties) = preSolution
		HideSolutionNode = FALSE
	EndGlobalSection
	GlobalSection(ExtensibilityGlobals) = postSolution
		SolutionGuid = {E8F73CA9-1B62-48CB-8DDC-7366F079259F}
	EndGlobalSection
EndGlobal
