
Microsoft Visual Studio Solution File, Format Version 12.00
# Visual Studio 15
VisualStudioVersion = 15.0.28307.572
MinimumVisualStudioVersion = 10.0.40219.1
Project("{FAE04EC0-301F-11D3-BF4B-00C04F79EFBC}") = "Eight_Ball_A6", "Eight_Ball_A6\Eight_Ball_A6.csproj", "{F427744E-7929-406E-A253-36C0C3962BE3}"
EndProject
Global
	GlobalSection(SolutionConfigurationPlatforms) = preSolution
		Debug|Any CPU = Debug|Any CPU
		Release|Any CPU = Release|Any CPU
	EndGlobalSection
	GlobalSection(ProjectConfigurationPlatforms) = postSolution
		{F427744E-7929-406E-A253-36C0C3962BE3}.Debug|Any CPU.ActiveCfg = Debug|Any CPU
		{F427744E-7929-406E-A253-36C0C3962BE3}.Debug|Any CPU.Build.0 = Debug|Any CPU
		{F427744E-7929-406E-A253-36C0C3962BE3}.Release|Any CPU.ActiveCfg = Release|Any CPU
		{F427744E-7929-406E-A253-36C0C3962BE3}.Release|Any CPU.Build.0 = Release|Any CPU
	EndGlobalSection
	GlobalSection(SolutionProperties) = preSolution
		HideSolutionNode = FALSE
	EndGlobalSection
	GlobalSection(ExtensibilityGlobals) = postSolution
		SolutionGuid = {57EEA6D3-DFF3-44BE-BFF7-16F99C04E330}
	EndGlobalSection
EndGlobal
